
Microsoft Visual Studio Solution File, Format Version 12.00
# Visual Studio Version 17
VisualStudioVersion = 17.12.35506.116
MinimumVisualStudioVersion = 10.0.40219.1
Project("{FAE04EC0-301F-11D3-BF4B-00C04F79EFBC}") = "TaskManagement.Service", "TaskManagement.Service\TaskManagement.Service.csproj", "{3F4720E2-236E-4D98-A9F5-4DC3001801AD}"
EndProject
Project("{FAE04EC0-301F-11D3-BF4B-00C04F79EFBC}") = "TaskManagement.Service.ConsoleApp", "TaskManagement.Service.ConsoleApp\TaskManagement.Service.ConsoleApp.csproj", "{761DC13F-EE9E-43CA-A9C7-6F8E5653B50C}"
EndProject
Global
	GlobalSection(SolutionConfigurationPlatforms) = preSolution
		Debug|Any CPU = Debug|Any CPU
		Release|Any CPU = Release|Any CPU
	EndGlobalSection
	GlobalSection(ProjectConfigurationPlatforms) = postSolution
		{3F4720E2-236E-4D98-A9F5-4DC3001801AD}.Debug|Any CPU.ActiveCfg = Debug|Any CPU
		{3F4720E2-236E-4D98-A9F5-4DC3001801AD}.Debug|Any CPU.Build.0 = Debug|Any CPU
		{3F4720E2-236E-4D98-A9F5-4DC3001801AD}.Release|Any CPU.ActiveCfg = Release|Any CPU
		{3F4720E2-236E-4D98-A9F5-4DC3001801AD}.Release|Any CPU.Build.0 = Release|Any CPU
		{761DC13F-EE9E-43CA-A9C7-6F8E5653B50C}.Debug|Any CPU.ActiveCfg = Debug|Any CPU
		{761DC13F-EE9E-43CA-A9C7-6F8E5653B50C}.Debug|Any CPU.Build.0 = Debug|Any CPU
		{761DC13F-EE9E-43CA-A9C7-6F8E5653B50C}.Release|Any CPU.ActiveCfg = Release|Any CPU
		{761DC13F-EE9E-43CA-A9C7-6F8E5653B50C}.Release|Any CPU.Build.0 = Release|Any CPU
	EndGlobalSection
	GlobalSection(SolutionProperties) = preSolution
		HideSolutionNode = FALSE
	EndGlobalSection
EndGlobal
